
Microsoft Visual Studio Solution File, Format Version 12.00
# Visual Studio Version 17
VisualStudioVersion = 17.7.34003.232
MinimumVisualStudioVersion = 10.0.40219.1
Project("{FAE04EC0-301F-11D3-BF4B-00C04F79EFBC}") = "Conference Ticketing System", "Conference Ticketing System.csproj", "{A9BADA8A-378F-403D-81B3-9498A5F7AC93}"
EndProject
Project("{FAE04EC0-301F-11D3-BF4B-00C04F79EFBC}") = "BLL", "..\BLL\BLL.csproj", "{3ABCA20D-1F3A-4E15-98B3-E2AE57F49CA9}"
EndProject
Project("{FAE04EC0-301F-11D3-BF4B-00C04F79EFBC}") = "DAL", "..\DAL\DAL.csproj", "{F95338E9-0A55-4E8B-A4D3-ACAAAAB06F4A}"
EndProject
Global
	GlobalSection(SolutionConfigurationPlatforms) = preSolution
		Debug|Any CPU = Debug|Any CPU
		Release|Any CPU = Release|Any CPU
	EndGlobalSection
	GlobalSection(ProjectConfigurationPlatforms) = postSolution
		{A9BADA8A-378F-403D-81B3-9498A5F7AC93}.Debug|Any CPU.ActiveCfg = Debug|Any CPU
		{A9BADA8A-378F-403D-81B3-9498A5F7AC93}.Debug|Any CPU.Build.0 = Debug|Any CPU
		{A9BADA8A-378F-403D-81B3-9498A5F7AC93}.Release|Any CPU.ActiveCfg = Release|Any CPU
		{A9BADA8A-378F-403D-81B3-9498A5F7AC93}.Release|Any CPU.Build.0 = Release|Any CPU
		{3ABCA20D-1F3A-4E15-98B3-E2AE57F49CA9}.Debug|Any CPU.ActiveCfg = Debug|Any CPU
		{3ABCA20D-1F3A-4E15-98B3-E2AE57F49CA9}.Debug|Any CPU.Build.0 = Debug|Any CPU
		{3ABCA20D-1F3A-4E15-98B3-E2AE57F49CA9}.Release|Any CPU.ActiveCfg = Release|Any CPU
		{3ABCA20D-1F3A-4E15-98B3-E2AE57F49CA9}.Release|Any CPU.Build.0 = Release|Any CPU
		{F95338E9-0A55-4E8B-A4D3-ACAAAAB06F4A}.Debug|Any CPU.ActiveCfg = Debug|Any CPU
		{F95338E9-0A55-4E8B-A4D3-ACAAAAB06F4A}.Debug|Any CPU.Build.0 = Debug|Any CPU
		{F95338E9-0A55-4E8B-A4D3-ACAAAAB06F4A}.Release|Any CPU.ActiveCfg = Release|Any CPU
		{F95338E9-0A55-4E8B-A4D3-ACAAAAB06F4A}.Release|Any CPU.Build.0 = Release|Any CPU
	EndGlobalSection
	GlobalSection(SolutionProperties) = preSolution
		HideSolutionNode = FALSE
	EndGlobalSection
	GlobalSection(ExtensibilityGlobals) = postSolution
		SolutionGuid = {7BF46A2A-5E34-466A-8739-405C0822738A}
	EndGlobalSection
EndGlobal
